
Microsoft Visual Studio Solution File, Format Version 12.00
Project("{FAE04EC0-301F-11D3-BF4B-00C04F79EFBC}") = "MvcMovie", "MvcMovie\MvcMovie.csproj", "{C154B8FC-5224-4984-A48B-5A593E0A4670}"
EndProject
Global
	GlobalSection(SolutionConfigurationPlatforms) = preSolution
		Debug|Any CPU = Debug|Any CPU
		Release|Any CPU = Release|Any CPU
	EndGlobalSection
	GlobalSection(ProjectConfigurationPlatforms) = postSolution
		{C154B8FC-5224-4984-A48B-5A593E0A4670}.Debug|Any CPU.ActiveCfg = Debug|Any CPU
		{C154B8FC-5224-4984-A48B-5A593E0A4670}.Debug|Any CPU.Build.0 = Debug|Any CPU
		{C154B8FC-5224-4984-A48B-5A593E0A4670}.Release|Any CPU.ActiveCfg = Release|Any CPU
		{C154B8FC-5224-4984-A48B-5A593E0A4670}.Release|Any CPU.Build.0 = Release|Any CPU
	EndGlobalSection
EndGlobal
